
Microsoft Visual Studio Solution File, Format Version 12.00
# Visual Studio Version 16
VisualStudioVersion = 16.0.30320.27
MinimumVisualStudioVersion = 15.0.26124.0
Project("{9A19103F-16F7-4668-BE54-9A1E7A4F7556}") = "Microsoft.Teams.Apps.EmployeeTraining", "Microsoft.Teams.Apps.EmployeeTraining\Microsoft.Teams.Apps.EmployeeTraining.csproj", "{A740EDCB-8B5A-4CFC-B1AF-F20904349CC6}"
EndProject
Project("{FAE04EC0-301F-11D3-BF4B-00C04F79EFBC}") = "Microsoft.Teams.Apps.EmployeeTraining.Test", "Microsoft.Teams.Apps.EmployeeTraining.Test\Microsoft.Teams.Apps.EmployeeTraining.Test.csproj", "{0BEBCE72-1935-4B1E-B8A7-DF5630211072}"
EndProject
Global
	GlobalSection(SolutionConfigurationPlatforms) = preSolution
		Debug|Any CPU = Debug|Any CPU
		Debug|x64 = Debug|x64
		Debug|x86 = Debug|x86
		Release|Any CPU = Release|Any CPU
		Release|x64 = Release|x64
		Release|x86 = Release|x86
	EndGlobalSection
	GlobalSection(ProjectConfigurationPlatforms) = postSolution
		{A740EDCB-8B5A-4CFC-B1AF-F20904349CC6}.Debug|Any CPU.ActiveCfg = Debug|Any CPU
		{A740EDCB-8B5A-4CFC-B1AF-F20904349CC6}.Debug|Any CPU.Build.0 = Debug|Any CPU
		{A740EDCB-8B5A-4CFC-B1AF-F20904349CC6}.Debug|x64.ActiveCfg = Debug|Any CPU
		{A740EDCB-8B5A-4CFC-B1AF-F20904349CC6}.Debug|x64.Build.0 = Debug|Any CPU
		{A740EDCB-8B5A-4CFC-B1AF-F20904349CC6}.Debug|x86.ActiveCfg = Debug|Any CPU
		{A740EDCB-8B5A-4CFC-B1AF-F20904349CC6}.Debug|x86.Build.0 = Debug|Any CPU
		{A740EDCB-8B5A-4CFC-B1AF-F20904349CC6}.Release|Any CPU.ActiveCfg = Release|Any CPU
		{A740EDCB-8B5A-4CFC-B1AF-F20904349CC6}.Release|Any CPU.Build.0 = Release|Any CPU
		{A740EDCB-8B5A-4CFC-B1AF-F20904349CC6}.Release|x64.ActiveCfg = Release|Any CPU
		{A740EDCB-8B5A-4CFC-B1AF-F20904349CC6}.Release|x64.Build.0 = Release|Any CPU
		{A740EDCB-8B5A-4CFC-B1AF-F20904349CC6}.Release|x86.ActiveCfg = Release|Any CPU
		{A740EDCB-8B5A-4CFC-B1AF-F20904349CC6}.Release|x86.Build.0 = Release|Any CPU
		{0BEBCE72-1935-4B1E-B8A7-DF5630211072}.Debug|Any CPU.ActiveCfg = Debug|Any CPU
		{0BEBCE72-1935-4B1E-B8A7-DF5630211072}.Debug|Any CPU.Build.0 = Debug|Any CPU
		{0BEBCE72-1935-4B1E-B8A7-DF5630211072}.Debug|x64.ActiveCfg = Debug|Any CPU
		{0BEBCE72-1935-4B1E-B8A7-DF5630211072}.Debug|x64.Build.0 = Debug|Any CPU
		{0BEBCE72-1935-4B1E-B8A7-DF5630211072}.Debug|x86.ActiveCfg = Debug|Any CPU
		{0BEBCE72-1935-4B1E-B8A7-DF5630211072}.Debug|x86.Build.0 = Debug|Any CPU
		{0BEBCE72-1935-4B1E-B8A7-DF5630211072}.Release|Any CPU.ActiveCfg = Release|Any CPU
		{0BEBCE72-1935-4B1E-B8A7-DF5630211072}.Release|Any CPU.Build.0 = Release|Any CPU
		{0BEBCE72-1935-4B1E-B8A7-DF5630211072}.Release|x64.ActiveCfg = Release|Any CPU
		{0BEBCE72-1935-4B1E-B8A7-DF5630211072}.Release|x64.Build.0 = Release|Any CPU
		{0BEBCE72-1935-4B1E-B8A7-DF5630211072}.Release|x86.ActiveCfg = Release|Any CPU
		{0BEBCE72-1935-4B1E-B8A7-DF5630211072}.Release|x86.Build.0 = Release|Any CPU
	EndGlobalSection
	GlobalSection(SolutionProperties) = preSolution
		HideSolutionNode = FALSE
	EndGlobalSection
	GlobalSection(ExtensibilityGlobals) = postSolution
		SolutionGuid = {81F8D7C5-8518-466E-A059-05DF49ACC08D}
	EndGlobalSection
EndGlobal
